<?xml version="1.0" encoding="utf-8"?>
<Project ToolsVersion="4.0" xmlns="http://schemas.microsoft.com/developer/msbuild/2003">
  <ItemGroup>
    <ClCompile Include="Source\Resource\DirectResource\DirectBuffer.cpp">
      <Filter>Source Files</Filter>
    </ClCompile>
    <ClCompile Include="Source\Resource\DirectResource\IndexBuffer.cpp">
      <Filter>Source Files</Filter>
    </ClCompile>
    <ClCompile Include="Source\Resource\DirectResource\Vertexbuffer.cpp">
      <Filter>Source Files</Filter>
    </ClCompile>
    <ClCompile Include="Source\Resource\RenderResourceManager.cpp">
      <Filter>Source Files</Filter>
    </ClCompile>
    <ClCompile Include="Source\Resource\Resource.cpp">
      <Filter>Source Files</Filter>
    </ClCompile>
    <ClCompile Include="Source\ThirdParty\ImGui\include\ImGui\imgui.cpp">
      <Filter>Source Files</Filter>
    </ClCompile>
    <ClCompile Include="Source\ThirdParty\ImGui\include\ImGui\imgui_demo.cpp">
      <Filter>Source Files</Filter>
    </ClCompile>
    <ClCompile Include="Source\ThirdParty\ImGui\include\ImGui\imgui_draw.cpp">
      <Filter>Source Files</Filter>
    </ClCompile>
    <ClCompile Include="Source\ThirdParty\ImGui\include\ImGui\imgui_impl_dx11.cpp">
      <Filter>Source Files</Filter>
    </ClCompile>
    <ClCompile Include="Source\ThirdParty\ImGui\include\ImGui\imgui_impl_win32.cpp">
      <Filter>Source Files</Filter>
    </ClCompile>
    <ClCompile Include="Source\ThirdParty\ImGui\include\ImGui\imgui_tables.cpp">
      <Filter>Source Files</Filter>
    </ClCompile>
    <ClCompile Include="Source\ThirdParty\ImGui\include\ImGui\imgui_widgets.cpp">
      <Filter>Source Files</Filter>
    </ClCompile>
    <ClCompile Include="Source\ThirdParty\ImGui\include\ImGui\imgui.cpp">
      <Filter>Source\ThirdParty\ImGui</Filter>
    </ClCompile>
    <ClCompile Include="Source\ThirdParty\ImGui\include\ImGui\imgui_demo.cpp">
      <Filter>Source\ThirdParty\ImGui</Filter>
    </ClCompile>
    <ClCompile Include="Source\ThirdParty\ImGui\include\ImGui\imgui_draw.cpp">
      <Filter>Source\ThirdParty\ImGui</Filter>
    </ClCompile>
    <ClCompile Include="Source\ThirdParty\ImGui\include\ImGui\imgui_impl_dx11.cpp">
      <Filter>Source\ThirdParty\ImGui</Filter>
    </ClCompile>
    <ClCompile Include="Source\ThirdParty\ImGui\include\ImGui\imgui_impl_win32.cpp">
      <Filter>Source\ThirdParty\ImGui</Filter>
    </ClCompile>
    <ClCompile Include="Source\ThirdParty\ImGui\include\ImGui\imgui_tables.cpp">
      <Filter>Source\ThirdParty\ImGui</Filter>
    </ClCompile>
    <ClCompile Include="Source\ThirdParty\ImGui\include\ImGui\imgui_widgets.cpp">
      <Filter>Source\ThirdParty\ImGui</Filter>
    </ClCompile>
    <ClCompile Include="Source\Static\FEditorManager.cpp">
      <Filter>Source\Static</Filter>
    </ClCompile>
    <ClCompile Include="Source\Static\FLineBatchManager.cpp">
      <Filter>Source\Static</Filter>
    </ClCompile>
    <ClCompile Include="Source\Static\FUUIDBillBoard.cpp">
      <Filter>Source\Static</Filter>
    </ClCompile>
    <ClCompile Include="Source\Resource\Material.cpp">
      <Filter>Source\Resource</Filter>
    </ClCompile>
    <ClCompile Include="Source\Resource\Mesh.cpp">
      <Filter>Source\Resource</Filter>
    </ClCompile>
    <ClCompile Include="Source\Resource\RenderResourceCollection.cpp">
      <Filter>Source\Resource</Filter>
    </ClCompile>
    <ClCompile Include="Source\Resource\RenderResourceManager.cpp">
      <Filter>Source\Resource</Filter>
    </ClCompile>
    <ClCompile Include="Source\Resource\Resource.cpp">
      <Filter>Source\Resource</Filter>
    </ClCompile>
    <ClCompile Include="Source\Resource\Texture.cpp">
      <Filter>Source\Resource</Filter>
    </ClCompile>
    <ClCompile Include="Source\Resource\DirectResource\BlendState.cpp">
      <Filter>Source\Resource\DirectResource</Filter>
    </ClCompile>
    <ClCompile Include="Source\Resource\DirectResource\ConstantBuffer.cpp">
      <Filter>Source\Resource\DirectResource</Filter>
    </ClCompile>
    <ClCompile Include="Source\Resource\DirectResource\DepthStencilState.cpp">
      <Filter>Source\Resource\DirectResource</Filter>
    </ClCompile>
    <ClCompile Include="Source\Resource\DirectResource\DirectBuffer.cpp">
      <Filter>Source\Resource\DirectResource</Filter>
    </ClCompile>
    <ClCompile Include="Source\Resource\DirectResource\IndexBuffer.cpp">
      <Filter>Source\Resource\DirectResource</Filter>
    </ClCompile>
    <ClCompile Include="Source\Resource\DirectResource\InputLayout.cpp">
      <Filter>Source\Resource\DirectResource</Filter>
    </ClCompile>
    <ClCompile Include="Source\Resource\DirectResource\PixelShader.cpp">
      <Filter>Source\Resource\DirectResource</Filter>
    </ClCompile>
    <ClCompile Include="Source\Resource\DirectResource\Rasterizer.cpp">
      <Filter>Source\Resource\DirectResource</Filter>
    </ClCompile>
    <ClCompile Include="Source\Resource\DirectResource\Sampler.cpp">
      <Filter>Source\Resource\DirectResource</Filter>
    </ClCompile>
    <ClCompile Include="Source\Resource\DirectResource\Shader.cpp">
      <Filter>Source\Resource\DirectResource</Filter>
    </ClCompile>
    <ClCompile Include="Source\Resource\DirectResource\ShaderResourceBinding.cpp">
      <Filter>Source\Resource\DirectResource</Filter>
    </ClCompile>
    <ClCompile Include="Source\Resource\DirectResource\Vertexbuffer.cpp">
      <Filter>Source\Resource\DirectResource</Filter>
    </ClCompile>
    <ClCompile Include="Source\Resource\DirectResource\VertexShader.cpp">
      <Filter>Source\Resource\DirectResource</Filter>
    </ClCompile>
    <ClCompile Include="Source\Debug\DebugConsole.cpp">
      <Filter>Source\Debug</Filter>
    </ClCompile>
    <ClCompile Include="Source\Debug\DebugDrawManager.cpp">
      <Filter>Source\Debug</Filter>
    </ClCompile>
    <ClCompile Include="Source\Debug\EngineShowFlags.cpp">
      <Filter>Source\Debug</Filter>
    </ClCompile>
    <ClCompile Include="Source\Core\Engine.cpp">
      <Filter>Source\Core</Filter>
    </ClCompile>
    <ClCompile Include="Source\Core\EngineStatics.cpp">
      <Filter>Source\Core</Filter>
    </ClCompile>
    <ClCompile Include="Source\Core\Container\String.cpp">
      <Filter>Source\Core\Container</Filter>
    </ClCompile>
    <ClCompile Include="Source\Core\Config\ConfigManager.cpp">
      <Filter>Source\Core\Config</Filter>
    </ClCompile>
    <ClCompile Include="Source\Core\HAL\PlatformMemory.cpp">
      <Filter>Source\Core\HAL</Filter>
    </ClCompile>
    <ClCompile Include="Source\Core\Input\PlayerController.cpp">
      <Filter>Source\Core\Input</Filter>
    </ClCompile>
    <ClCompile Include="Source\Core\Input\PlayerInput.cpp">
      <Filter>Source\Core\Input</Filter>
    </ClCompile>
    <ClCompile Include="Source\Core\Math\BoxSphereBounds.cpp">
      <Filter>Source\Core\Math</Filter>
    </ClCompile>
    <ClCompile Include="Source\Core\Math\Matrix.cpp">
      <Filter>Source\Core\Math</Filter>
    </ClCompile>
    <ClCompile Include="Source\Core\Math\Quat.cpp">
      <Filter>Source\Core\Math</Filter>
    </ClCompile>
    <ClCompile Include="Source\Core\Math\Ray.cpp">
      <Filter>Source\Core\Math</Filter>
    </ClCompile>
    <ClCompile Include="Source\Core\Math\Rotator.cpp">
      <Filter>Source\Core\Math</Filter>
    </ClCompile>
    <ClCompile Include="Source\Core\Math\Transform.cpp">
      <Filter>Source\Core\Math</Filter>
    </ClCompile>
    <ClCompile Include="Source\Core\Math\Vector.cpp">
      <Filter>Source\Core\Math</Filter>
    </ClCompile>
    <ClCompile Include="Source\Core\Rendering\FDevice.cpp">
      <Filter>Source\Core\Rendering</Filter>
    </ClCompile>
    <ClCompile Include="Source\Core\Rendering\FDeviceResource.cpp">
      <Filter>Source\Core\Rendering</Filter>
    </ClCompile>
    <ClCompile Include="Source\Core\Rendering\FontAtlas.cpp">
      <Filter>Source\Core\Rendering</Filter>
    </ClCompile>
    <ClCompile Include="Source\Core\Rendering\FViewMode.cpp">
      <Filter>Source\Core\Rendering</Filter>
    </ClCompile>
    <ClCompile Include="Source\Core\Rendering\UI.cpp">
      <Filter>Source\Core\Rendering</Filter>
    </ClCompile>
    <ClCompile Include="Source\Core\Rendering\URenderer.cpp">
      <Filter>Source\Core\Rendering</Filter>
    </ClCompile>
    <ClCompile Include="Source\Core\UObject\Casts.cpp">
      <Filter>Source\Core\UObject</Filter>
    </ClCompile>
    <ClCompile Include="Source\Core\UObject\Class.cpp">
      <Filter>Source\Core\UObject</Filter>
    </ClCompile>
    <ClCompile Include="Source\Core\UObject\NameTypes.cpp">
      <Filter>Source\Core\UObject</Filter>
    </ClCompile>
    <ClCompile Include="Source\Core\UObject\Object.cpp">
      <Filter>Source\Core\UObject</Filter>
    </ClCompile>
    <ClCompile Include="Source\Core\Utils\JsonSaveHelper.cpp">
      <Filter>Source\Core\Utils</Filter>
    </ClCompile>
    <ClCompile Include="Source\Primitive\PrimitiveVertices.cpp">
      <Filter>Source\Primitive</Filter>
    </ClCompile>
    <ClCompile Include="Source\Primitive\UGeometryGenerator.cpp">
      <Filter>Source\Primitive</Filter>
    </ClCompile>
    <ClCompile Include="Source\Object\ObjectFactory.cpp">
      <Filter>Source\Object</Filter>
    </ClCompile>
    <ClCompile Include="Source\Object\USceneComponent.cpp">
      <Filter>Source\Object</Filter>
    </ClCompile>
    <ClCompile Include="Source\Object\Actor\Actor.cpp">
      <Filter>Source\Object\Actor</Filter>
    </ClCompile>
    <ClCompile Include="Source\Object\Actor\Arrow.cpp">
      <Filter>Source\Object\Actor</Filter>
    </ClCompile>
    <ClCompile Include="Source\Object\Actor\Camera.cpp">
      <Filter>Source\Object\Actor</Filter>
    </ClCompile>
    <ClCompile Include="Source\Object\Actor\Cone.cpp">
      <Filter>Source\Object\Actor</Filter>
    </ClCompile>
    <ClCompile Include="Source\Object\Actor\Cube.cpp">
      <Filter>Source\Object\Actor</Filter>
    </ClCompile>
    <ClCompile Include="Source\Object\Actor\Cylinder.cpp">
      <Filter>Source\Object\Actor</Filter>
    </ClCompile>
    <ClCompile Include="Source\Object\Actor\Picker.cpp">
      <Filter>Source\Object\Actor</Filter>
    </ClCompile>
    <ClCompile Include="Source\Object\Actor\Quad.cpp">
      <Filter>Source\Object\Actor</Filter>
    </ClCompile>
    <ClCompile Include="Source\Object\Actor\Sphere.cpp">
      <Filter>Source\Object\Actor</Filter>
    </ClCompile>
    <ClCompile Include="Source\Object\Actor\SpotLight.cpp">
      <Filter>Source\Object\Actor</Filter>
    </ClCompile>
    <ClCompile Include="Source\Object\Actor\SubUVParticle.cpp">
      <Filter>Source\Object\Actor</Filter>
    </ClCompile>
    <ClCompile Include="Source\Object\Actor\WorldGrid.cpp">
      <Filter>Source\Object\Actor</Filter>
    </ClCompile>
    <ClCompile Include="Source\Object\ActorComponent\ActorComponent.cpp">
      <Filter>Source\Object\ActorComponent</Filter>
    </ClCompile>
    <ClCompile Include="Source\Object\Assets\Asset.cpp">
      <Filter>Source\Object\Assets</Filter>
    </ClCompile>
    <ClCompile Include="Source\Object\Assets\AssetManager.cpp">
      <Filter>Source\Object\Assets</Filter>
    </ClCompile>
    <ClCompile Include="Source\Object\Assets\MeshAsset.cpp">
      <Filter>Source\Object\Assets</Filter>
    </ClCompile>
    <ClCompile Include="Source\Object\Assets\SceneAsset.cpp">
      <Filter>Source\Object\Assets</Filter>
    </ClCompile>
    <ClCompile Include="Source\Object\Gizmo\Axis.cpp">
      <Filter>Source\Object\Gizmo</Filter>
    </ClCompile>
    <ClCompile Include="Source\Object\Gizmo\GizmoActor.cpp">
      <Filter>Source\Object\Gizmo</Filter>
    </ClCompile>
    <ClCompile Include="Source\Object\Gizmo\GizmoHandle.cpp">
      <Filter>Source\Object\Gizmo</Filter>
    </ClCompile>
    <ClCompile Include="Source\Object\Light\LightComponent.cpp">
      <Filter>Source\Object\Light</Filter>
    </ClCompile>
    <ClCompile Include="Source\Object\Light\LightComponentBase.cpp">
      <Filter>Source\Object\Light</Filter>
    </ClCompile>
    <ClCompile Include="Source\Object\Light\SpotLightComponent.cpp">
      <Filter>Source\Object\Light</Filter>
    </ClCompile>
    <ClCompile Include="Source\Object\World\World.cpp">
      <Filter>Source\Object\World</Filter>
    </ClCompile>
    <ClCompile Include="Source\Object\PrimitiveComponent\GizmoComponent.cpp">
      <Filter>Source\Object\PrimitiveComponent</Filter>
    </ClCompile>
    <ClCompile Include="Source\Object\PrimitiveComponent\UPrimitiveComponent.cpp">
      <Filter>Source\Object\PrimitiveComponent</Filter>
    </ClCompile>
    <ClCompile Include="Source\Object\SubUVComponent\UParticleSubUVComponent.cpp">
      <Filter>Source\Object\SubUVComponent</Filter>
    </ClCompile>
    <ClCompile Include="main.cpp" />
  </ItemGroup>
  <ItemGroup>
    <ClInclude Include="Source\Object\Actor\Camera.h">
      <Filter>Header Files</Filter>
    </ClInclude>
    <ClInclude Include="Source\Object\Actor\Cone.h">
      <Filter>Header Files</Filter>
    </ClInclude>
    <ClInclude Include="Source\Object\Actor\Cylinder.h">
      <Filter>Header Files</Filter>
    </ClInclude>
    <ClInclude Include="Source\Object\Gizmo\GizmoHandle.h">
      <Filter>Header Files</Filter>
    </ClInclude>
    <ClInclude Include="Source\Core\Container\CString.h">
      <Filter>Header Files</Filter>
    </ClInclude>
    <ClInclude Include="Source\Object\Actor\Picker.h">
      <Filter>Header Files</Filter>
    </ClInclude>
    <ClInclude Include="Source\Object\Actor\Arrow.h">
      <Filter>Header Files</Filter>
    </ClInclude>
    <ClInclude Include="Source\Core\Input\PlayerController.h">
      <Filter>Header Files</Filter>
    </ClInclude>
    <ClInclude Include="Source\Core\Input\PlayerInput.h">
      <Filter>Header Files</Filter>
    </ClInclude>
    <ClInclude Include="Source\Core\EngineTypes.h">
      <Filter>Header Files</Filter>
    </ClInclude>
    <ClInclude Include="Source\Static\FEditorManager.h">
      <Filter>Header Files</Filter>
    </ClInclude>
    <ClInclude Include="Source\Core\UObject\Object.h">
      <Filter>Header Files</Filter>
    </ClInclude>
    <ClInclude Include="Source\Resource\DirectResource\Vertexbuffer.h">
      <Filter>Header Files</Filter>
    </ClInclude>
    <ClInclude Include="Source\ThirdParty\SimpleJSON\include\SimpleJSON\Json.hpp">
      <Filter>Source\ThirdParty\SimpleJSON</Filter>
    </ClInclude>
    <ClInclude Include="Source\ThirdParty\ImGui\include\ImGui\imconfig.h">
      <Filter>Source\ThirdParty\ImGui</Filter>
    </ClInclude>
    <ClInclude Include="Source\ThirdParty\ImGui\include\ImGui\imgui.h">
      <Filter>Source\ThirdParty\ImGui</Filter>
    </ClInclude>
    <ClInclude Include="Source\ThirdParty\ImGui\include\ImGui\imgui_impl_dx11.h">
      <Filter>Source\ThirdParty\ImGui</Filter>
    </ClInclude>
    <ClInclude Include="Source\ThirdParty\ImGui\include\ImGui\imgui_impl_win32.h">
      <Filter>Source\ThirdParty\ImGui</Filter>
    </ClInclude>
    <ClInclude Include="Source\ThirdParty\ImGui\include\ImGui\imgui_internal.h">
      <Filter>Source\ThirdParty\ImGui</Filter>
    </ClInclude>
    <ClInclude Include="Source\ThirdParty\ImGui\include\ImGui\imstb_rectpack.h">
      <Filter>Source\ThirdParty\ImGui</Filter>
    </ClInclude>
    <ClInclude Include="Source\ThirdParty\ImGui\include\ImGui\imstb_textedit.h">
      <Filter>Source\ThirdParty\ImGui</Filter>
    </ClInclude>
    <ClInclude Include="Source\ThirdParty\ImGui\include\ImGui\imstb_truetype.h">
      <Filter>Source\ThirdParty\ImGui</Filter>
    </ClInclude>
    <ClInclude Include="Source\ThirdParty\DirectXTK\include\DirectXTK\BufferHelpers.h">
      <Filter>Source\ThirdParty\DirectXTK</Filter>
    </ClInclude>
    <ClInclude Include="Source\ThirdParty\DirectXTK\include\DirectXTK\CommonStates.h">
      <Filter>Source\ThirdParty\DirectXTK</Filter>
    </ClInclude>
    <ClInclude Include="Source\ThirdParty\DirectXTK\include\DirectXTK\DDSTextureLoader.h">
      <Filter>Source\ThirdParty\DirectXTK</Filter>
    </ClInclude>
    <ClInclude Include="Source\ThirdParty\DirectXTK\include\DirectXTK\DirectXHelpers.h">
      <Filter>Source\ThirdParty\DirectXTK</Filter>
    </ClInclude>
    <ClInclude Include="Source\ThirdParty\DirectXTK\include\DirectXTK\Effects.h">
      <Filter>Source\ThirdParty\DirectXTK</Filter>
    </ClInclude>
    <ClInclude Include="Source\ThirdParty\DirectXTK\include\DirectXTK\GamePad.h">
      <Filter>Source\ThirdParty\DirectXTK</Filter>
    </ClInclude>
    <ClInclude Include="Source\ThirdParty\DirectXTK\include\DirectXTK\GeometricPrimitive.h">
      <Filter>Source\ThirdParty\DirectXTK</Filter>
    </ClInclude>
    <ClInclude Include="Source\ThirdParty\DirectXTK\include\DirectXTK\GraphicsMemory.h">
      <Filter>Source\ThirdParty\DirectXTK</Filter>
    </ClInclude>
    <ClInclude Include="Source\ThirdParty\DirectXTK\include\DirectXTK\Keyboard.h">
      <Filter>Source\ThirdParty\DirectXTK</Filter>
    </ClInclude>
    <ClInclude Include="Source\ThirdParty\DirectXTK\include\DirectXTK\Model.h">
      <Filter>Source\ThirdParty\DirectXTK</Filter>
    </ClInclude>
    <ClInclude Include="Source\ThirdParty\DirectXTK\include\DirectXTK\Mouse.h">
      <Filter>Source\ThirdParty\DirectXTK</Filter>
    </ClInclude>
    <ClInclude Include="Source\ThirdParty\DirectXTK\include\DirectXTK\PostProcess.h">
      <Filter>Source\ThirdParty\DirectXTK</Filter>
    </ClInclude>
    <ClInclude Include="Source\ThirdParty\DirectXTK\include\DirectXTK\PrimitiveBatch.h">
      <Filter>Source\ThirdParty\DirectXTK</Filter>
    </ClInclude>
    <ClInclude Include="Source\ThirdParty\DirectXTK\include\DirectXTK\ScreenGrab.h">
      <Filter>Source\ThirdParty\DirectXTK</Filter>
    </ClInclude>
    <ClInclude Include="Source\ThirdParty\DirectXTK\include\DirectXTK\SimpleMath.h">
      <Filter>Source\ThirdParty\DirectXTK</Filter>
    </ClInclude>
    <ClInclude Include="Source\ThirdParty\DirectXTK\include\DirectXTK\SpriteBatch.h">
      <Filter>Source\ThirdParty\DirectXTK</Filter>
    </ClInclude>
    <ClInclude Include="Source\ThirdParty\DirectXTK\include\DirectXTK\SpriteFont.h">
      <Filter>Source\ThirdParty\DirectXTK</Filter>
    </ClInclude>
    <ClInclude Include="Source\ThirdParty\DirectXTK\include\DirectXTK\VertexTypes.h">
      <Filter>Source\ThirdParty\DirectXTK</Filter>
    </ClInclude>
    <ClInclude Include="Source\ThirdParty\DirectXTK\include\DirectXTK\WICTextureLoader.h">
      <Filter>Source\ThirdParty\DirectXTK</Filter>
    </ClInclude>
    <ClInclude Include="Source\ThirdParty\DirectXTK\include\DirectXTK\XboxDDSTextureLoader.h">
      <Filter>Source\ThirdParty\DirectXTK</Filter>
    </ClInclude>
    <ClInclude Include="Source\ThirdParty\DirectXTK\include\DirectXTK\Audio.h">
      <Filter>Source\ThirdParty\DirectXTK</Filter>
    </ClInclude>
    <ClInclude Include="Source\Static\FEditorManager.h">
      <Filter>Source\Static</Filter>
    </ClInclude>
    <ClInclude Include="Source\Static\FLineBatchManager.h">
      <Filter>Source\Static</Filter>
    </ClInclude>
    <ClInclude Include="Source\Static\FUUIDBillBoard.h">
      <Filter>Source\Static</Filter>
    </ClInclude>
    <ClInclude Include="Source\Resource\Material.h">
      <Filter>Source\Resource</Filter>
    </ClInclude>
    <ClInclude Include="Source\Resource\Mesh.h">
      <Filter>Source\Resource</Filter>
    </ClInclude>
    <ClInclude Include="Source\Resource\RenderResourceCollection.h">
      <Filter>Source\Resource</Filter>
    </ClInclude>
    <ClInclude Include="Source\Resource\RenderResourceManager.h">
      <Filter>Source\Resource</Filter>
    </ClInclude>
    <ClInclude Include="Source\Resource\Resource.h">
      <Filter>Source\Resource</Filter>
    </ClInclude>
    <ClInclude Include="Source\Resource\Texture.h">
      <Filter>Source\Resource</Filter>
    </ClInclude>
    <ClInclude Include="Source\Resource\DirectResource\BlendState.h">
      <Filter>Source\Resource\DirectResource</Filter>
    </ClInclude>
    <ClInclude Include="Source\Resource\DirectResource\ConstantBuffer.h">
      <Filter>Source\Resource\DirectResource</Filter>
    </ClInclude>
    <ClInclude Include="Source\Resource\DirectResource\DepthStencilState.h">
      <Filter>Source\Resource\DirectResource</Filter>
    </ClInclude>
    <ClInclude Include="Source\Resource\DirectResource\DirectBuffer.h">
      <Filter>Source\Resource\DirectResource</Filter>
    </ClInclude>
    <ClInclude Include="Source\Resource\DirectResource\IndexBuffer.h">
      <Filter>Source\Resource\DirectResource</Filter>
    </ClInclude>
    <ClInclude Include="Source\Resource\DirectResource\InputLayout.h">
      <Filter>Source\Resource\DirectResource</Filter>
    </ClInclude>
    <ClInclude Include="Source\Resource\DirectResource\PixelShader.h">
      <Filter>Source\Resource\DirectResource</Filter>
    </ClInclude>
    <ClInclude Include="Source\Resource\DirectResource\Rasterizer.h">
      <Filter>Source\Resource\DirectResource</Filter>
    </ClInclude>
    <ClInclude Include="Source\Resource\DirectResource\Sampler.h">
      <Filter>Source\Resource\DirectResource</Filter>
    </ClInclude>
    <ClInclude Include="Source\Resource\DirectResource\Shader.h">
      <Filter>Source\Resource\DirectResource</Filter>
    </ClInclude>
    <ClInclude Include="Source\Resource\DirectResource\ShaderResourceBinding.h">
      <Filter>Source\Resource\DirectResource</Filter>
    </ClInclude>
    <ClInclude Include="Source\Resource\DirectResource\Vertexbuffer.h">
      <Filter>Source\Resource\DirectResource</Filter>
    </ClInclude>
    <ClInclude Include="Source\Resource\DirectResource\VertexShader.h">
      <Filter>Source\Resource\DirectResource</Filter>
    </ClInclude>
    <ClInclude Include="Source\Debug\DebugConsole.h">
      <Filter>Source\Debug</Filter>
    </ClInclude>
    <ClInclude Include="Source\Debug\DebugDrawManager.h">
      <Filter>Source\Debug</Filter>
    </ClInclude>
    <ClInclude Include="Source\Debug\EngineShowFlags.h">
      <Filter>Source\Debug</Filter>
    </ClInclude>
    <ClInclude Include="Source\Core\Engine.h">
      <Filter>Source\Core</Filter>
    </ClInclude>
    <ClInclude Include="Source\Core\EngineStatics.h">
      <Filter>Source\Core</Filter>
    </ClInclude>
    <ClInclude Include="Source\Core\EngineTypes.h">
      <Filter>Source\Core</Filter>
    </ClInclude>
    <ClInclude Include="Source\Core\Delegates\Delegate.h">
      <Filter>Source\Core\Delegates</Filter>
    </ClInclude>
    <ClInclude Include="Source\Core\Delegates\DelegateCombination.h">
      <Filter>Source\Core\Delegates</Filter>
    </ClInclude>
    <ClInclude Include="Source\Core\Container\Array.h">
      <Filter>Source\Core\Container</Filter>
    </ClInclude>
    <ClInclude Include="Source\Core\Container\ContainerAllocator.h">
      <Filter>Source\Core\Container</Filter>
    </ClInclude>
    <ClInclude Include="Source\Core\Container\CString.h">
      <Filter>Source\Core\Container</Filter>
    </ClInclude>
    <ClInclude Include="Source\Core\Container\Map.h">
      <Filter>Source\Core\Container</Filter>
    </ClInclude>
    <ClInclude Include="Source\Core\Container\Pair.h">
      <Filter>Source\Core\Container</Filter>
    </ClInclude>
    <ClInclude Include="Source\Core\Container\Set.h">
      <Filter>Source\Core\Container</Filter>
    </ClInclude>
    <ClInclude Include="Source\Core\Container\String.h">
      <Filter>Source\Core\Container</Filter>
    </ClInclude>
    <ClInclude Include="Source\Core\Config\ConfigManager.h">
      <Filter>Source\Core\Config</Filter>
    </ClInclude>
    <ClInclude Include="Source\Core\AbstractClass\Singleton.h">
      <Filter>Source\Core\AbstractClass</Filter>
    </ClInclude>
    <ClInclude Include="Source\Core\HAL\PlatformMemory.h">
      <Filter>Source\Core\HAL</Filter>
    </ClInclude>
    <ClInclude Include="Source\Core\HAL\PlatformType.h">
      <Filter>Source\Core\HAL</Filter>
    </ClInclude>
    <ClInclude Include="Source\Core\Input\PlayerController.h">
      <Filter>Source\Core\Input</Filter>
    </ClInclude>
    <ClInclude Include="Source\Core\Input\PlayerInput.h">
      <Filter>Source\Core\Input</Filter>
    </ClInclude>
    <ClInclude Include="Source\Core\Interfaces\GizmoInterface.h">
      <Filter>Source\Core\Interfaces</Filter>
    </ClInclude>
    <ClInclude Include="Source\Core\Math\BoxSphereBounds.h">
      <Filter>Source\Core\Math</Filter>
    </ClInclude>
    <ClInclude Include="Source\Core\Math\MathUtility.h">
      <Filter>Source\Core\Math</Filter>
    </ClInclude>
    <ClInclude Include="Source\Core\Math\Matrix.h">
      <Filter>Source\Core\Math</Filter>
    </ClInclude>
    <ClInclude Include="Source\Core\Math\Quat.h">
      <Filter>Source\Core\Math</Filter>
    </ClInclude>
    <ClInclude Include="Source\Core\Math\Ray.h">
      <Filter>Source\Core\Math</Filter>
    </ClInclude>
    <ClInclude Include="Source\Core\Math\Rotator.h">
      <Filter>Source\Core\Math</Filter>
    </ClInclude>
    <ClInclude Include="Source\Core\Math\Transform.h">
      <Filter>Source\Core\Math</Filter>
    </ClInclude>
    <ClInclude Include="Source\Core\Math\Vector.h">
      <Filter>Source\Core\Math</Filter>
    </ClInclude>
    <ClInclude Include="Source\Core\Rendering\FDevice.h">
      <Filter>Source\Core\Rendering</Filter>
    </ClInclude>
    <ClInclude Include="Source\Core\Rendering\FontAtlas.h">
      <Filter>Source\Core\Rendering</Filter>
    </ClInclude>
    <ClInclude Include="Source\Core\Rendering\FViewMode.h">
      <Filter>Source\Core\Rendering</Filter>
    </ClInclude>
    <ClInclude Include="Source\Core\Rendering\UI.h">
      <Filter>Source\Core\Rendering</Filter>
    </ClInclude>
    <ClInclude Include="Source\Core\Rendering\URenderer.h">
      <Filter>Source\Core\Rendering</Filter>
    </ClInclude>
    <ClInclude Include="Source\Core\UObject\Casts.h">
      <Filter>Source\Core\UObject</Filter>
    </ClInclude>
    <ClInclude Include="Source\Core\UObject\Class.h">
      <Filter>Source\Core\UObject</Filter>
    </ClInclude>
    <ClInclude Include="Source\Core\UObject\NameTypes.h">
      <Filter>Source\Core\UObject</Filter>
    </ClInclude>
    <ClInclude Include="Source\Core\UObject\Object.h">
      <Filter>Source\Core\UObject</Filter>
    </ClInclude>
    <ClInclude Include="Source\Core\UObject\ObjectMacros.h">
      <Filter>Source\Core\UObject</Filter>
    </ClInclude>
    <ClInclude Include="Source\Core\Utils\JsonSaveHelper.h">
      <Filter>Source\Core\Utils</Filter>
    </ClInclude>
    <ClInclude Include="Source\Primitive\PrimitiveVertices.h">
      <Filter>Source\Primitive</Filter>
    </ClInclude>
    <ClInclude Include="Source\Primitive\UGeometryGenerator.h">
      <Filter>Source\Primitive</Filter>
    </ClInclude>
    <ClInclude Include="Source\Object\ObjectFactory.h">
      <Filter>Source\Object</Filter>
    </ClInclude>
    <ClInclude Include="Source\Object\USceneComponent.h">
      <Filter>Source\Object</Filter>
    </ClInclude>
    <ClInclude Include="Source\Object\Actor\Actor.h">
      <Filter>Source\Object\Actor</Filter>
    </ClInclude>
    <ClInclude Include="Source\Object\Actor\Arrow.h">
      <Filter>Source\Object\Actor</Filter>
    </ClInclude>
    <ClInclude Include="Source\Object\Actor\Camera.h">
      <Filter>Source\Object\Actor</Filter>
    </ClInclude>
    <ClInclude Include="Source\Object\Actor\Cone.h">
      <Filter>Source\Object\Actor</Filter>
    </ClInclude>
    <ClInclude Include="Source\Object\Actor\Cube.h">
      <Filter>Source\Object\Actor</Filter>
    </ClInclude>
    <ClInclude Include="Source\Object\Actor\Cylinder.h">
      <Filter>Source\Object\Actor</Filter>
    </ClInclude>
    <ClInclude Include="Source\Object\Actor\Picker.h">
      <Filter>Source\Object\Actor</Filter>
    </ClInclude>
    <ClInclude Include="Source\Object\Actor\Quad.h">
      <Filter>Source\Object\Actor</Filter>
    </ClInclude>
    <ClInclude Include="Source\Object\Actor\Sphere.h">
      <Filter>Source\Object\Actor</Filter>
    </ClInclude>
    <ClInclude Include="Source\Object\Actor\SpotLight.h">
      <Filter>Source\Object\Actor</Filter>
    </ClInclude>
    <ClInclude Include="Source\Object\Actor\SubUVParticle.h">
      <Filter>Source\Object\Actor</Filter>
    </ClInclude>
    <ClInclude Include="Source\Object\Actor\WorldGrid.h">
      <Filter>Source\Object\Actor</Filter>
    </ClInclude>
    <ClInclude Include="Source\Object\ActorComponent\ActorComponent.h">
      <Filter>Source\Object\ActorComponent</Filter>
    </ClInclude>
    <ClInclude Include="Source\Object\Assets\Asset.h">
      <Filter>Source\Object\Assets</Filter>
    </ClInclude>
    <ClInclude Include="Source\Object\Assets\AssetManager.h">
      <Filter>Source\Object\Assets</Filter>
    </ClInclude>
    <ClInclude Include="Source\Object\Assets\MeshAsset.h">
      <Filter>Source\Object\Assets</Filter>
    </ClInclude>
    <ClInclude Include="Source\Object\Assets\SceneAsset.h">
      <Filter>Source\Object\Assets</Filter>
    </ClInclude>
    <ClInclude Include="Source\Object\Gizmo\Axis.h">
      <Filter>Source\Object\Gizmo</Filter>
    </ClInclude>
    <ClInclude Include="Source\Object\Gizmo\GizmoActor.h">
      <Filter>Source\Object\Gizmo</Filter>
    </ClInclude>
    <ClInclude Include="Source\Object\Gizmo\GizmoHandle.h">
      <Filter>Source\Object\Gizmo</Filter>
    </ClInclude>
    <ClInclude Include="Source\Object\Light\LightComponent.h">
      <Filter>Source\Object\Light</Filter>
    </ClInclude>
    <ClInclude Include="Source\Object\Light\LightComponentBase.h">
      <Filter>Source\Object\Light</Filter>
    </ClInclude>
    <ClInclude Include="Source\Object\Light\SpotLightComponent.h">
      <Filter>Source\Object\Light</Filter>
    </ClInclude>
    <ClInclude Include="Source\Object\World\World.h">
      <Filter>Source\Object\World</Filter>
    </ClInclude>
    <ClInclude Include="Source\Object\PrimitiveComponent\GizmoComponent.h">
      <Filter>Source\Object\PrimitiveComponent</Filter>
    </ClInclude>
    <ClInclude Include="Source\Object\PrimitiveComponent\UPrimitiveComponent.h">
      <Filter>Source\Object\PrimitiveComponent</Filter>
    </ClInclude>
    <ClInclude Include="Source\Object\SubUVComponent\UParticleSubUVComponent.h">
      <Filter>Source\Object\SubUVComponent</Filter>
    </ClInclude>
  </ItemGroup>
  <ItemGroup>
    <Filter Include="Source">
      <UniqueIdentifier>{b3f89a09-02d0-4d8e-907d-e4df0ea80b07}</UniqueIdentifier>
    </Filter>
    <Filter Include="Source\Core">
      <UniqueIdentifier>{d3661d98-cc90-4f52-914d-d99a4bbe2c28}</UniqueIdentifier>
    </Filter>
    <Filter Include="Source\Debug">
      <UniqueIdentifier>{a01fc507-28df-41d3-9b97-e5ce36e824db}</UniqueIdentifier>
    </Filter>
    <Filter Include="Source\Object">
      <UniqueIdentifier>{27faaed7-b4f1-4a8b-b6a5-a4e359bf7afc}</UniqueIdentifier>
    </Filter>
    <Filter Include="Source\Primitive">
      <UniqueIdentifier>{ddece210-a02b-486b-938b-1e8a9914e17d}</UniqueIdentifier>
    </Filter>
    <Filter Include="Source\Resource">
      <UniqueIdentifier>{269b7a28-19d3-4866-b991-160c5aa3d035}</UniqueIdentifier>
    </Filter>
    <Filter Include="Source\Static">
      <UniqueIdentifier>{94ce363b-d9d8-496f-b9bf-db3acb2f1763}</UniqueIdentifier>
    </Filter>
    <Filter Include="Source\Resource\DirectResource">
      <UniqueIdentifier>{34840d53-cb57-4501-b394-4fe633b7073f}</UniqueIdentifier>
    </Filter>
    <Filter Include="Source\Core\AbstractClass">
      <UniqueIdentifier>{6e8e23e4-f8d2-4517-b104-173c46b13b26}</UniqueIdentifier>
    </Filter>
    <Filter Include="Source\Core\Config">
      <UniqueIdentifier>{43ff195a-cb20-4e50-a5e3-0d87469be95a}</UniqueIdentifier>
    </Filter>
    <Filter Include="Source\Core\Container">
      <UniqueIdentifier>{d914b487-ee4d-4fb7-bb67-620ff666dda4}</UniqueIdentifier>
    </Filter>
    <Filter Include="Source\Core\Delegates">
      <UniqueIdentifier>{8755be97-dea2-4776-a122-fe2407ff52db}</UniqueIdentifier>
    </Filter>
    <Filter Include="Source\Core\HAL">
      <UniqueIdentifier>{4184d725-d990-473b-8788-45594b659faa}</UniqueIdentifier>
    </Filter>
    <Filter Include="Source\Core\Input">
      <UniqueIdentifier>{36b50a5d-fa0e-42b0-9982-8ae03a87c810}</UniqueIdentifier>
    </Filter>
    <Filter Include="Source\Core\Interfaces">
      <UniqueIdentifier>{244ea771-67b2-4d3b-9a4a-8b3a9c389983}</UniqueIdentifier>
    </Filter>
    <Filter Include="Source\Core\Math">
      <UniqueIdentifier>{7b8d8578-1adc-437a-a08b-e17c4c35ba3f}</UniqueIdentifier>
    </Filter>
    <Filter Include="Source\Core\Rendering">
      <UniqueIdentifier>{6b96f725-f308-4635-9074-48888eae9c32}</UniqueIdentifier>
    </Filter>
    <Filter Include="Source\Core\UObject">
      <UniqueIdentifier>{bcd8a54e-713c-4f98-833f-bc1e01f7dcc3}</UniqueIdentifier>
    </Filter>
    <Filter Include="Source\Core\Utils">
      <UniqueIdentifier>{02d5e262-d654-44f8-b470-dc6f0026ab89}</UniqueIdentifier>
    </Filter>
    <Filter Include="Debug">
      <UniqueIdentifier>{09d3555c-85a6-4e11-958e-3bcfabada58d}</UniqueIdentifier>
    </Filter>
    <Filter Include="Source\Object\Actor">
      <UniqueIdentifier>{aa0766f1-f8ff-4f2b-91cd-576c9b068c43}</UniqueIdentifier>
    </Filter>
    <Filter Include="Source\Object\ActorComponent">
      <UniqueIdentifier>{aafa77fc-20e8-4bca-a6c4-c45585cd5511}</UniqueIdentifier>
    </Filter>
    <Filter Include="Source\Object\Assets">
      <UniqueIdentifier>{9e498eed-db58-4206-95f5-622f7073daf7}</UniqueIdentifier>
    </Filter>
    <Filter Include="Source\Object\Gizmo">
      <UniqueIdentifier>{775491bd-67e9-4235-8282-c521efa69585}</UniqueIdentifier>
    </Filter>
    <Filter Include="Source\Object\Light">
      <UniqueIdentifier>{aa8fce8e-22d4-4999-9ef1-2968df68c476}</UniqueIdentifier>
    </Filter>
    <Filter Include="Source\Object\PrimitiveComponent">
      <UniqueIdentifier>{c7192d30-0a1d-4697-9280-4e2bef8cc223}</UniqueIdentifier>
    </Filter>
    <Filter Include="Source\Object\SubUVComponent">
      <UniqueIdentifier>{c7e2ea0f-266f-4955-a3fe-a123831e1386}</UniqueIdentifier>
    </Filter>
    <Filter Include="Source\Object\World">
      <UniqueIdentifier>{adb3893e-09b0-499e-bf6f-f77818657097}</UniqueIdentifier>
    </Filter>
    <Filter Include="Source\ThirdParty">
      <UniqueIdentifier>{1720ec6d-06b9-4e4b-9a22-6cc7b6bf5c0a}</UniqueIdentifier>
    </Filter>
    <Filter Include="Source\ThirdParty\DirectXTK">
      <UniqueIdentifier>{f5aa213e-eb26-4483-b6cb-748f9a94cdf5}</UniqueIdentifier>
    </Filter>
    <Filter Include="Source\ThirdParty\ImGui">
      <UniqueIdentifier>{c0e7e345-562e-407c-9dae-da84b0df6266}</UniqueIdentifier>
    </Filter>
    <Filter Include="Source\ThirdParty\SimpleJSON">
      <UniqueIdentifier>{a67229e8-2d09-41d2-a08f-8dfbda96f537}</UniqueIdentifier>
    </Filter>
    <Filter Include="Shaders">
      <UniqueIdentifier>{2689fac5-a144-4a38-b90a-f25d726e6d34}</UniqueIdentifier>
    </Filter>
  </ItemGroup>
  <ItemGroup>
    <None Include="Source\ThirdParty\DirectXTK\include\DirectXTK\SimpleMath.inl">
      <Filter>Source\ThirdParty\DirectXTK</Filter>
    </None>
    <None Include=".editorconfig" />
    <None Include="imgui.ini" />
    <None Include="README.md" />
  </ItemGroup>
  <ItemGroup>
    <FxCompile Include="Shaders\Font_PS.hlsl">
      <Filter>Shaders</Filter>
    </FxCompile>
    <FxCompile Include="Shaders\Font_VS.hlsl">
      <Filter>Shaders</Filter>
    </FxCompile>
    <FxCompile Include="Shaders\Shader.hlsl">
      <Filter>Shaders</Filter>
    </FxCompile>
    <FxCompile Include="Shaders\ShaderLine_PS.hlsl">
      <Filter>Shaders</Filter>
    </FxCompile>
    <FxCompile Include="Shaders\ShaderLine_VS.hlsl">
      <Filter>Shaders</Filter>
    </FxCompile>
    <FxCompile Include="Shaders\ShaderW0.hlsl">
      <Filter>Shaders</Filter>
    </FxCompile>
    <FxCompile Include="Shaders\SubUV_PS.hlsl">
      <Filter>Shaders</Filter>
    </FxCompile>
  </ItemGroup>
  <ItemGroup>
    <Image Include="font_atlas.dds" />
    <Image Include="font_atlas.png" />
    <Image Include="Pretendard_Kor.png" />
  </ItemGroup>
  <ItemGroup>
    <Text Include="font_atlas.txt" />
    <Text Include="Pretendard_Kor.txt" />
  </ItemGroup>
  <ItemGroup>
    <Natvis Include="JungleEngine.natvis" />
  </ItemGroup>
</Project>